
Microsoft Visual Studio Solution File, Format Version 12.00
# Visual Studio Version 16
VisualStudioVersion = 16.0.31321.278
MinimumVisualStudioVersion = 10.0.40219.1
Project("{9A19103F-16F7-4668-BE54-9A1E7A4F7556}") = "fanuc_group_exchange_desktop", "fanuc_group_exchange_desktop.csproj", "{D6074F64-734E-4167-AC67-E12DD5B24635}"
EndProject
Global
	GlobalSection(SolutionConfigurationPlatforms) = preSolution
		Debug|Any CPU = Debug|Any CPU
		Release|Any CPU = Release|Any CPU
	EndGlobalSection
	GlobalSection(ProjectConfigurationPlatforms) = postSolution
		{D6074F64-734E-4167-AC67-E12DD5B24635}.Debug|Any CPU.ActiveCfg = Debug|Any CPU
		{D6074F64-734E-4167-AC67-E12DD5B24635}.Debug|Any CPU.Build.0 = Debug|Any CPU
		{D6074F64-734E-4167-AC67-E12DD5B24635}.Release|Any CPU.ActiveCfg = Release|Any CPU
		{D6074F64-734E-4167-AC67-E12DD5B24635}.Release|Any CPU.Build.0 = Release|Any CPU
	EndGlobalSection
	GlobalSection(SolutionProperties) = preSolution
		HideSolutionNode = FALSE
	EndGlobalSection
	GlobalSection(ExtensibilityGlobals) = postSolution
		SolutionGuid = {54400AD7-DC5D-404D-A977-2FB522101332}
	EndGlobalSection
EndGlobal
